<?xml version="1.0" encoding="UTF-8" standalone="yes" ?>
<CodeBlocks_project_file>
	<FileVersion major="1" minor="6" />
	<Project>
		<Option title="diffusion4" />
		<Option makefile_is_custom="1" />
		<Option pch_mode="2" />
		<Option compiler="mingw64" />
		<MakeCommands>
			<Build command="$make -f $makefile $target" />
			<CompileFile command="$make -f $makefile $file" />
			<Clean command="$make -f $makefile clean" />
			<DistClean command="$make -f $makefile distclean$target" />
			<AskRebuildNeeded command="$make -q -f $makefile" />
			<SilentBuild command="$make -f $makefile $target &gt; $(CMD_NULL)" />
		</MakeCommands>
		<Build>
			<Target title="Release">
				<Option output="diffusion4" prefix_auto="1" extension_auto="1" />
				<Option type="1" />
				<Option compiler="mingw64" />
				<Compiler>
					<Add option="-fexpensive-optimizations" />
					<Add option="-O2" />
					<Add option="-ffast-math -msse -msse2" />
				</Compiler>
				<MakeCommands>
					<Build command="$make -f $makefile $target" />
					<CompileFile command="$make -f $makefile $file" />
					<Clean command="$make -f $makefile clean" />
					<DistClean command="$make -f $makefile distclean$target" />
					<AskRebuildNeeded command="$make -q -f $makefile " />
					<SilentBuild command="$make -f $makefile $target &gt; $(CMD_NULL)" />
				</MakeCommands>
			</Target>
			<Target title="Debug">
				<Option output="diffusion4" prefix_auto="1" extension_auto="1" />
				<Option type="1" />
				<Option compiler="mingw64" />
				<Compiler>
					<Add option="-Wall" />
					<Add option="-g" />
				</Compiler>
				<MakeCommands>
					<Build command="$make -f $makefile  $target" />
					<CompileFile command="$make -f $makefile $file" />
					<Clean command="$make -f $makefile clean" />
					<DistClean command="$make -f $makefile distclean$target" />
					<AskRebuildNeeded command="$make -q -f $makefile" />
					<SilentBuild command="$make -f $makefile  $target &gt; $(CMD_NULL)" />
				</MakeCommands>
			</Target>
		</Build>
		<Compiler>
			<Add option="-Wall" />
			<Add option="-fexceptions" />
			<Add option="-static" />
			<Add option="-msse" />
			<Add option="-msse2" />
			<Add option="-mfpmath=sse,387" />
			<Add option="-DHAVE_INLINE" />
		</Compiler>
		<Linker>
			<Add library="gsl" />
			<Add library="gslcblas" />
		</Linker>
		<Unit filename="..\..\..\LIB\trunk\correlator_multitau.h" />
		<Unit filename="..\..\..\LIB\trunk\datatable.cpp" />
		<Unit filename="..\..\..\LIB\trunk\datatable.h" />
		<Unit filename="..\..\..\LIB\trunk\highrestimer.cpp" />
		<Unit filename="..\..\..\LIB\trunk\highrestimer.h" />
		<Unit filename="..\..\..\LIB\trunk\image_tools.cpp" />
		<Unit filename="..\..\..\LIB\trunk\image_tools.h" />
		<Unit filename="..\..\..\LIB\trunk\jkimage.h" />
		<Unit filename="..\..\..\LIB\trunk\jkiniparser2.cpp" />
		<Unit filename="..\..\..\LIB\trunk\jkiniparser2.h" />
		<Unit filename="..\..\..\LIB\trunk\jkmathparser.cpp" />
		<Unit filename="..\..\..\LIB\trunk\jkmathparser.h" />
		<Unit filename="..\..\..\LIB\trunk\multitau-correlator.h" />
		<Unit filename="..\..\..\LIB\trunk\multitau-msd.h" />
		<Unit filename="..\..\..\LIB\trunk\shiftregister.h" />
		<Unit filename="..\..\..\LIB\trunk\statistics_tools.cpp" />
		<Unit filename="..\..\..\LIB\trunk\statistics_tools.h" />
		<Unit filename="..\..\..\LIB\trunk\teebuf.h" />
		<Unit filename="..\..\..\LIB\trunk\ticktock.h" />
		<Unit filename="..\..\..\LIB\trunk\tinytiffreader.cpp" />
		<Unit filename="..\..\..\LIB\trunk\tinytiffreader.h" />
		<Unit filename="..\..\..\LIB\trunk\tinytiffwriter.cpp" />
		<Unit filename="..\..\..\LIB\trunk\tinytiffwriter.h" />
		<Unit filename="..\..\..\LIB\trunk\tools.cpp" />
		<Unit filename="..\..\..\LIB\trunk\tools.h" />
		<Unit filename="Makefile">
			<Option compilerVar="CC" />
			<Option compile="1" />
			<Option link="1" />
		</Unit>
		<Unit filename="alvtools.cpp" />
		<Unit filename="alvtools.h" />
		<Unit filename="browniandynamics.cpp" />
		<Unit filename="browniandynamics.h" />
		<Unit filename="childdynamics.cpp" />
		<Unit filename="childdynamics.h" />
		<Unit filename="diffusion4.dox" />
		<Unit filename="diffusion4.ini">
			<Option target="Debug" />
		</Unit>
		<Unit filename="diffusiontools.cpp" />
		<Unit filename="diffusiontools.h" />
		<Unit filename="dynamicsfromfiles2.cpp" />
		<Unit filename="dynamicsfromfiles2.h" />
		<Unit filename="fcsmeasurement.cpp" />
		<Unit filename="fcsmeasurement.h" />
		<Unit filename="fluorescenceimaging.cpp" />
		<Unit filename="fluorescenceimaging.h" />
		<Unit filename="fluorescencemeasurement.cpp" />
		<Unit filename="fluorescencemeasurement.h" />
		<Unit filename="fluorophordynamics.cpp" />
		<Unit filename="fluorophordynamics.h" />
		<Unit filename="fretdynamics.cpp" />
		<Unit filename="fretdynamics.h" />
		<Unit filename="gridrandomwalkdynamics.cpp" />
		<Unit filename="gridrandomwalkdynamics.h" />
		<Unit filename="main.cpp" />
		<Unit filename="msdmeasurement.cpp" />
		<Unit filename="msdmeasurement.h" />
		<Extensions>
			<code_completion />
			<debugger />
			<envvars />
			<DoxyBlocks>
				<comment_style block="0" line="0" />
				<doxyfile_project />
				<doxyfile_build />
				<doxyfile_warnings />
				<doxyfile_output />
				<doxyfile_dot />
				<general />
			</DoxyBlocks>
		</Extensions>
	</Project>
</CodeBlocks_project_file>
